// !$*UTF8*$!
{
	archiveVersion = 1;
	classes = {
	};
	objectVersion = 77;
	objects = {

/* Begin PBXBuildFile section */
		9040F5CF2DF10ADD006E5718 /* platone.png in Resources */ = {isa = PBXBuildFile; fileRef = 9040F5BD2DF10ADD006E5718 /* platone.png */; };
		9040F5D02DF10ADD006E5718 /* william_james.png in Resources */ = {isa = PBXBuildFile; fileRef = 9040F5CC2DF10ADD006E5718 /* william_james.png */; };
		9040F5D12DF10ADD006E5718 /* enrico_galianio.png in Resources */ = {isa = PBXBuildFile; fileRef = 9040F5A02DF10ADD006E5718 /* enrico_galianio.png */; };
		9040F5D22DF10ADD006E5718 /* emily_bronte.png in Resources */ = {isa = PBXBuildFile; fileRef = 9040F59F2DF10ADD006E5718 /* emily_bronte.png */; };
		9040F5D32DF10ADD006E5718 /* erich_fromm.png in Resources */ = {isa = PBXBuildFile; fileRef = 9040F5A12DF10ADD006E5718 /* erich_fromm.png */; };
		9040F5D42DF10ADD006E5718 /* maya_angelou.png in Resources */ = {isa = PBXBuildFile; fileRef = 9040F5B82DF10ADD006E5718 /* maya_angelou.png */; };
		9040F5D52DF10ADD006E5718 /* pablo_neruda.png in Resources */ = {isa = PBXBuildFile; fileRef = 9040F5BB2DF10ADD006E5718 /* pablo_neruda.png */; };
		9040F5D62DF10ADD006E5718 /* ovidio.png in Resources */ = {isa = PBXBuildFile; fileRef = 9040F5BA2DF10ADD006E5718 /* ovidio.png */; };
		9040F5D72DF10ADD006E5718 /* seneca.png in Resources */ = {isa = PBXBuildFile; fileRef = 9040F5C42DF10ADD006E5718 /* seneca.png */; };
		9040F5D82DF10ADD006E5718 /* sofocle.png in Resources */ = {isa = PBXBuildFile; fileRef = 9040F5C72DF10ADD006E5718 /* sofocle.png */; };
		9040F5D92DF10ADD006E5718 /* gianluca_gotto.png in Resources */ = {isa = PBXBuildFile; fileRef = 9040F5AA2DF10ADD006E5718 /* gianluca_gotto.png */; };
		9040F5DA2DF10ADD006E5718 /* stephen_hawking.png in Resources */ = {isa = PBXBuildFile; fileRef = 9040F5C82DF10ADD006E5718 /* stephen_hawking.png */; };
		9040F5DB2DF10ADD006E5718 /* italo_calvino.png in Resources */ = {isa = PBXBuildFile; fileRef = 9040F5AE2DF10ADD006E5718 /* italo_calvino.png */; };
		9040F5DC2DF10ADD006E5718 /* luigi_pirandello.png in Resources */ = {isa = PBXBuildFile; fileRef = 9040F5B32DF10ADD006E5718 /* luigi_pirandello.png */; };
		9040F5DD2DF10ADD006E5718 /* may_parker.png in Resources */ = {isa = PBXBuildFile; fileRef = 9040F5B72DF10ADD006E5718 /* may_parker.png */; };
		9040F5DE2DF10ADD006E5718 /* sigmund_freud.png in Resources */ = {isa = PBXBuildFile; fileRef = 9040F5C52DF10ADD006E5718 /* sigmund_freud.png */; };
		9040F5DF2DF10ADD006E5718 /* charles_dickens.png in Resources */ = {isa = PBXBuildFile; fileRef = 9040F59D2DF10ADD006E5718 /* charles_dickens.png */; };
		9040F5E02DF10ADD006E5718 /* zero_calcare.png in Resources */ = {isa = PBXBuildFile; fileRef = 9040F5CE2DF10ADD006E5718 /* zero_calcare.png */; };
		9040F5E12DF10ADD006E5718 /* van_gogh.png in Resources */ = {isa = PBXBuildFile; fileRef = 9040F5CB2DF10ADD006E5718 /* van_gogh.png */; };
		9040F5E22DF10ADD006E5718 /* marcel_proust.png in Resources */ = {isa = PBXBuildFile; fileRef = 9040F5B42DF10ADD006E5718 /* marcel_proust.png */; };
		9040F5E32DF10ADD006E5718 /* eugenio_montale.png in Resources */ = {isa = PBXBuildFile; fileRef = 9040F5A32DF10ADD006E5718 /* eugenio_montale.png */; };
		9040F5E42DF10ADD006E5718 /* william_shakespeare.png in Resources */ = {isa = PBXBuildFile; fileRef = 9040F5CD2DF10ADD006E5718 /* william_shakespeare.png */; };
		9040F5E52DF10ADD006E5718 /* roberto_benigni.png in Resources */ = {isa = PBXBuildFile; fileRef = 9040F5BF2DF10ADD006E5718 /* roberto_benigni.png */; };
		9040F5E62DF10ADD006E5718 /* richard_yates.png in Resources */ = {isa = PBXBuildFile; fileRef = 9040F5BE2DF10ADD006E5718 /* richard_yates.png */; };
		9040F5E72DF10ADD006E5718 /* confucio.png in Resources */ = {isa = PBXBuildFile; fileRef = 9040F59E2DF10ADD006E5718 /* confucio.png */; };
		9040F5E82DF10ADD006E5718 /* carl_jung.png in Resources */ = {isa = PBXBuildFile; fileRef = 9040F5992DF10ADD006E5718 /* carl_jung.png */; };
		9040F5E92DF10ADD006E5718 /* alexander_bell.png in Resources */ = {isa = PBXBuildFile; fileRef = 9040F5952DF10ADD006E5718 /* alexander_bell.png */; };
		9040F5EA2DF10ADD006E5718 /* ghiannis_ritsos.png in Resources */ = {isa = PBXBuildFile; fileRef = 9040F5A82DF10ADD006E5718 /* ghiannis_ritsos.png */; };
		9040F5EB2DF10ADD006E5718 /* saramago.png in Resources */ = {isa = PBXBuildFile; fileRef = 9040F5C32DF10ADD006E5718 /* saramago.png */; };
		9040F5EC2DF10ADD006E5718 /* theodore_roosevelt.png in Resources */ = {isa = PBXBuildFile; fileRef = 9040F5C92DF10ADD006E5718 /* theodore_roosevelt.png */; };
		9040F5ED2DF10ADD006E5718 /* franz_kafka.png in Resources */ = {isa = PBXBuildFile; fileRef = 9040F5A62DF10ADD006E5718 /* franz_kafka.png */; };
		9040F5EE2DF10ADD006E5718 /* anthony_robbins.png in Resources */ = {isa = PBXBuildFile; fileRef = 9040F5962DF10ADD006E5718 /* anthony_robbins.png */; };
		9040F5EF2DF10ADD006E5718 /* henri_matisse.png in Resources */ = {isa = PBXBuildFile; fileRef = 9040F5AD2DF10ADD006E5718 /* henri_matisse.png */; };
		9040F5F02DF10ADD006E5718 /* mark_twain.png in Resources */ = {isa = PBXBuildFile; fileRef = 9040F5B62DF10ADD006E5718 /* mark_twain.png */; };
		9040F5F12DF10ADD006E5718 /* leonard_cohen.png in Resources */ = {isa = PBXBuildFile; fileRef = 9040F5B22DF10ADD006E5718 /* leonard_cohen.png */; };
		9040F5F22DF10ADD006E5718 /* goethe.png in Resources */ = {isa = PBXBuildFile; fileRef = 9040F5AC2DF10ADD006E5718 /* goethe.png */; };
		9040F5F32DF10ADD006E5718 /* alessandro_manzoni.png in Resources */ = {isa = PBXBuildFile; fileRef = 9040F5942DF10ADD006E5718 /* alessandro_manzoni.png */; };
		9040F5F42DF10ADD006E5718 /* marco_aurelio.png in Resources */ = {isa = PBXBuildFile; fileRef = 9040F5B52DF10ADD006E5718 /* marco_aurelio.png */; };
		9040F5F52DF10ADD006E5718 /* ugo_foscolo.png in Resources */ = {isa = PBXBuildFile; fileRef = 9040F5CA2DF10ADD006E5718 /* ugo_foscolo.png */; };
		9040F5F62DF10ADD006E5718 /* catullo.png in Resources */ = {isa = PBXBuildFile; fileRef = 9040F59A2DF10ADD006E5718 /* catullo.png */; };
		9040F5F72DF10ADD006E5718 /* john_keats.png in Resources */ = {isa = PBXBuildFile; fileRef = 9040F5B12DF10ADD006E5718 /* john_keats.png */; };
		9040F5F82DF10ADD006E5718 /* dostoevskij.png in Resources */ = {isa = PBXBuildFile; fileRef = 9040F5A42DF10ADD006E5718 /* dostoevskij.png */; };
		9040F5F92DF10ADD006E5718 /* ernest_hemingway.png in Resources */ = {isa = PBXBuildFile; fileRef = 9040F5A22DF10ADD006E5718 /* ernest_hemingway.png */; };
		9040F5FA2DF10ADD006E5718 /* giacomo_leopardi.png in Resources */ = {isa = PBXBuildFile; fileRef = 9040F5A92DF10ADD006E5718 /* giacomo_leopardi.png */; };
		9040F5FB2DF10ADD006E5718 /* charles_bukowski.png in Resources */ = {isa = PBXBuildFile; fileRef = 9040F59C2DF10ADD006E5718 /* charles_bukowski.png */; };
		9040F5FC2DF10ADD006E5718 /* pasolini.png in Resources */ = {isa = PBXBuildFile; fileRef = 9040F5BC2DF10ADD006E5718 /* pasolini.png */; };
		9040F5FD2DF10ADD006E5718 /* oscar_wilde.png in Resources */ = {isa = PBXBuildFile; fileRef = 9040F5B92DF10ADD006E5718 /* oscar_wilde.png */; };
		9040F5FE2DF10ADD006E5718 /* albert_einstein.png in Resources */ = {isa = PBXBuildFile; fileRef = 9040F5922DF10ADD006E5718 /* albert_einstein.png */; };
		9040F5FF2DF10ADD006E5718 /* blaga_dimitrova.png in Resources */ = {isa = PBXBuildFile; fileRef = 9040F5972DF10ADD006E5718 /* blaga_dimitrova.png */; };
		9040F6002DF10ADD006E5718 /* saint_exupery.png in Resources */ = {isa = PBXBuildFile; fileRef = 9040F5C12DF10ADD006E5718 /* saint_exupery.png */; };
		9040F6012DF10ADD006E5718 /* giovanni_pascoli.png in Resources */ = {isa = PBXBuildFile; fileRef = 9040F5AB2DF10ADD006E5718 /* giovanni_pascoli.png */; };
		9040F6022DF10ADD006E5718 /* rousseau.png in Resources */ = {isa = PBXBuildFile; fileRef = 9040F5C02DF10ADD006E5718 /* rousseau.png */; };
		9040F6032DF10ADD006E5718 /* alda_merini.png in Resources */ = {isa = PBXBuildFile; fileRef = 9040F5932DF10ADD006E5718 /* alda_merini.png */; };
		9040F6042DF10ADD006E5718 /* friedrich_nietzsche.png in Resources */ = {isa = PBXBuildFile; fileRef = 9040F5A72DF10ADD006E5718 /* friedrich_nietzsche.png */; };
		9040F6052DF10ADD006E5718 /* socrate.png in Resources */ = {isa = PBXBuildFile; fileRef = 9040F5C62DF10ADD006E5718 /* socrate.png */; };
		9040F6062DF10ADD006E5718 /* francesco_piscitelli.png in Resources */ = {isa = PBXBuildFile; fileRef = 9040F5A52DF10ADD006E5718 /* francesco_piscitelli.png */; };
		9040F6072DF10ADD006E5718 /* jimi_hendrix.png in Resources */ = {isa = PBXBuildFile; fileRef = 9040F5B02DF10ADD006E5718 /* jimi_hendrix.png */; };
		9040F6082DF10ADD006E5718 /* salvatore_quasimodo.png in Resources */ = {isa = PBXBuildFile; fileRef = 9040F5C22DF10ADD006E5718 /* salvatore_quasimodo.png */; };
		9040F6092DF10ADD006E5718 /* cesare_pavese.png in Resources */ = {isa = PBXBuildFile; fileRef = 9040F59B2DF10ADD006E5718 /* cesare_pavese.png */; };
		9040F60A2DF10ADD006E5718 /* italo_svevo.png in Resources */ = {isa = PBXBuildFile; fileRef = 9040F5AF2DF10ADD006E5718 /* italo_svevo.png */; };
		9040F60B2DF10ADD006E5718 /* brandon_sanderson.png in Resources */ = {isa = PBXBuildFile; fileRef = 9040F5982DF10ADD006E5718 /* brandon_sanderson.png */; };
		9040F60D2DF10BE6006E5718 /* borges.png in Resources */ = {isa = PBXBuildFile; fileRef = 9040F60C2DF10BE6006E5718 /* borges.png */; };
		90A087982DF1AF13006A04B7 /* WidgetKit.framework in Frameworks */ = {isa = PBXBuildFile; fileRef = 90A087972DF1AF13006A04B7 /* WidgetKit.framework */; };
		90A0879A2DF1AF13006A04B7 /* SwiftUI.framework in Frameworks */ = {isa = PBXBuildFile; fileRef = 90A087992DF1AF13006A04B7 /* SwiftUI.framework */; };
		90A087A52DF1AF14006A04B7 /* PillolePoeticheWidgetExtension.appex in Embed Foundation Extensions */ = {isa = PBXBuildFile; fileRef = 90A087952DF1AF13006A04B7 /* PillolePoeticheWidgetExtension.appex */; settings = {ATTRIBUTES = (RemoveHeadersOnCopy, ); }; };
/* End PBXBuildFile section */

/* Begin PBXContainerItemProxy section */
		90A087A32DF1AF14006A04B7 /* PBXContainerItemProxy */ = {
			isa = PBXContainerItemProxy;
			containerPortal = 90D063432DF0C3EA00728991 /* Project object */;
			proxyType = 1;
			remoteGlobalIDString = 90A087942DF1AF13006A04B7;
			remoteInfo = PillolePoeticheWidgetExtension;
		};
		90D063592DF0C3EB00728991 /* PBXContainerItemProxy */ = {
			isa = PBXContainerItemProxy;
			containerPortal = 90D063432DF0C3EA00728991 /* Project object */;
			proxyType = 1;
			remoteGlobalIDString = 90D0634A2DF0C3EA00728991;
			remoteInfo = "Pillole Poetiche";
		};
		90D063632DF0C3EB00728991 /* PBXContainerItemProxy */ = {
			isa = PBXContainerItemProxy;
			containerPortal = 90D063432DF0C3EA00728991 /* Project object */;
			proxyType = 1;
			remoteGlobalIDString = 90D0634A2DF0C3EA00728991;
			remoteInfo = "Pillole Poetiche";
		};
/* End PBXContainerItemProxy section */

/* Begin PBXCopyFilesBuildPhase section */
		90A087AA2DF1AF14006A04B7 /* Embed Foundation Extensions */ = {
			isa = PBXCopyFilesBuildPhase;
			buildActionMask = 2147483647;
			dstPath = "";
			dstSubfolderSpec = 13;
			files = (
				90A087A52DF1AF14006A04B7 /* PillolePoeticheWidgetExtension.appex in Embed Foundation Extensions */,
			);
			name = "Embed Foundation Extensions";
			runOnlyForDeploymentPostprocessing = 0;
		};
/* End PBXCopyFilesBuildPhase section */

/* Begin PBXFileReference section */
		9040F5922DF10ADD006E5718 /* albert_einstein.png */ = {isa = PBXFileReference; lastKnownFileType = image.png; path = albert_einstein.png; sourceTree = "<group>"; };
		9040F5932DF10ADD006E5718 /* alda_merini.png */ = {isa = PBXFileReference; lastKnownFileType = image.png; path = alda_merini.png; sourceTree = "<group>"; };
		9040F5942DF10ADD006E5718 /* alessandro_manzoni.png */ = {isa = PBXFileReference; lastKnownFileType = image.png; path = alessandro_manzoni.png; sourceTree = "<group>"; };
		9040F5952DF10ADD006E5718 /* alexander_bell.png */ = {isa = PBXFileReference; lastKnownFileType = image.png; path = alexander_bell.png; sourceTree = "<group>"; };
		9040F5962DF10ADD006E5718 /* anthony_robbins.png */ = {isa = PBXFileReference; lastKnownFileType = image.png; path = anthony_robbins.png; sourceTree = "<group>"; };
		9040F5972DF10ADD006E5718 /* blaga_dimitrova.png */ = {isa = PBXFileReference; lastKnownFileType = image.png; path = blaga_dimitrova.png; sourceTree = "<group>"; };
		9040F5982DF10ADD006E5718 /* brandon_sanderson.png */ = {isa = PBXFileReference; lastKnownFileType = image.png; path = brandon_sanderson.png; sourceTree = "<group>"; };
		9040F5992DF10ADD006E5718 /* carl_jung.png */ = {isa = PBXFileReference; lastKnownFileType = image.png; path = carl_jung.png; sourceTree = "<group>"; };
		9040F59A2DF10ADD006E5718 /* catullo.png */ = {isa = PBXFileReference; lastKnownFileType = image.png; path = catullo.png; sourceTree = "<group>"; };
		9040F59B2DF10ADD006E5718 /* cesare_pavese.png */ = {isa = PBXFileReference; lastKnownFileType = image.png; path = cesare_pavese.png; sourceTree = "<group>"; };
		9040F59C2DF10ADD006E5718 /* charles_bukowski.png */ = {isa = PBXFileReference; lastKnownFileType = image.png; path = charles_bukowski.png; sourceTree = "<group>"; };
		9040F59D2DF10ADD006E5718 /* charles_dickens.png */ = {isa = PBXFileReference; lastKnownFileType = image.png; path = charles_dickens.png; sourceTree = "<group>"; };
		9040F59E2DF10ADD006E5718 /* confucio.png */ = {isa = PBXFileReference; lastKnownFileType = image.png; path = confucio.png; sourceTree = "<group>"; };
		9040F59F2DF10ADD006E5718 /* emily_bronte.png */ = {isa = PBXFileReference; lastKnownFileType = image.png; path = emily_bronte.png; sourceTree = "<group>"; };
		9040F5A02DF10ADD006E5718 /* enrico_galianio.png */ = {isa = PBXFileReference; lastKnownFileType = image.png; path = enrico_galianio.png; sourceTree = "<group>"; };
		9040F5A12DF10ADD006E5718 /* erich_fromm.png */ = {isa = PBXFileReference; lastKnownFileType = image.png; path = erich_fromm.png; sourceTree = "<group>"; };
		9040F5A22DF10ADD006E5718 /* ernest_hemingway.png */ = {isa = PBXFileReference; lastKnownFileType = image.png; path = ernest_hemingway.png; sourceTree = "<group>"; };
		9040F5A32DF10ADD006E5718 /* eugenio_montale.png */ = {isa = PBXFileReference; lastKnownFileType = image.png; path = eugenio_montale.png; sourceTree = "<group>"; };
		9040F5A42DF10ADD006E5718 /* dostoevskij.png */ = {isa = PBXFileReference; lastKnownFileType = image.png; path = dostoevskij.png; sourceTree = "<group>"; };
		9040F5A52DF10ADD006E5718 /* francesco_piscitelli.png */ = {isa = PBXFileReference; lastKnownFileType = image.png; path = francesco_piscitelli.png; sourceTree = "<group>"; };
		9040F5A62DF10ADD006E5718 /* franz_kafka.png */ = {isa = PBXFileReference; lastKnownFileType = image.png; path = franz_kafka.png; sourceTree = "<group>"; };
		9040F5A72DF10ADD006E5718 /* friedrich_nietzsche.png */ = {isa = PBXFileReference; lastKnownFileType = image.png; path = friedrich_nietzsche.png; sourceTree = "<group>"; };
		9040F5A82DF10ADD006E5718 /* ghiannis_ritsos.png */ = {isa = PBXFileReference; lastKnownFileType = image.png; path = ghiannis_ritsos.png; sourceTree = "<group>"; };
		9040F5A92DF10ADD006E5718 /* giacomo_leopardi.png */ = {isa = PBXFileReference; lastKnownFileType = image.png; path = giacomo_leopardi.png; sourceTree = "<group>"; };
		9040F5AA2DF10ADD006E5718 /* gianluca_gotto.png */ = {isa = PBXFileReference; lastKnownFileType = image.png; path = gianluca_gotto.png; sourceTree = "<group>"; };
		9040F5AB2DF10ADD006E5718 /* giovanni_pascoli.png */ = {isa = PBXFileReference; lastKnownFileType = image.png; path = giovanni_pascoli.png; sourceTree = "<group>"; };
		9040F5AC2DF10ADD006E5718 /* goethe.png */ = {isa = PBXFileReference; lastKnownFileType = image.png; path = goethe.png; sourceTree = "<group>"; };
		9040F5AD2DF10ADD006E5718 /* henri_matisse.png */ = {isa = PBXFileReference; lastKnownFileType = image.png; path = henri_matisse.png; sourceTree = "<group>"; };
		9040F5AE2DF10ADD006E5718 /* italo_calvino.png */ = {isa = PBXFileReference; lastKnownFileType = image.png; path = italo_calvino.png; sourceTree = "<group>"; };
		9040F5AF2DF10ADD006E5718 /* italo_svevo.png */ = {isa = PBXFileReference; lastKnownFileType = image.png; path = italo_svevo.png; sourceTree = "<group>"; };
		9040F5B02DF10ADD006E5718 /* jimi_hendrix.png */ = {isa = PBXFileReference; lastKnownFileType = image.png; path = jimi_hendrix.png; sourceTree = "<group>"; };
		9040F5B12DF10ADD006E5718 /* john_keats.png */ = {isa = PBXFileReference; lastKnownFileType = image.png; path = john_keats.png; sourceTree = "<group>"; };
		9040F5B22DF10ADD006E5718 /* leonard_cohen.png */ = {isa = PBXFileReference; lastKnownFileType = image.png; path = leonard_cohen.png; sourceTree = "<group>"; };
		9040F5B32DF10ADD006E5718 /* luigi_pirandello.png */ = {isa = PBXFileReference; lastKnownFileType = image.png; path = luigi_pirandello.png; sourceTree = "<group>"; };
		9040F5B42DF10ADD006E5718 /* marcel_proust.png */ = {isa = PBXFileReference; lastKnownFileType = image.png; path = marcel_proust.png; sourceTree = "<group>"; };
		9040F5B52DF10ADD006E5718 /* marco_aurelio.png */ = {isa = PBXFileReference; lastKnownFileType = image.png; path = marco_aurelio.png; sourceTree = "<group>"; };
		9040F5B62DF10ADD006E5718 /* mark_twain.png */ = {isa = PBXFileReference; lastKnownFileType = image.png; path = mark_twain.png; sourceTree = "<group>"; };
		9040F5B72DF10ADD006E5718 /* may_parker.png */ = {isa = PBXFileReference; lastKnownFileType = image.png; path = may_parker.png; sourceTree = "<group>"; };
		9040F5B82DF10ADD006E5718 /* maya_angelou.png */ = {isa = PBXFileReference; lastKnownFileType = image.png; path = maya_angelou.png; sourceTree = "<group>"; };
		9040F5B92DF10ADD006E5718 /* oscar_wilde.png */ = {isa = PBXFileReference; lastKnownFileType = image.png; path = oscar_wilde.png; sourceTree = "<group>"; };
		9040F5BA2DF10ADD006E5718 /* ovidio.png */ = {isa = PBXFileReference; lastKnownFileType = image.png; path = ovidio.png; sourceTree = "<group>"; };
		9040F5BB2DF10ADD006E5718 /* pablo_neruda.png */ = {isa = PBXFileReference; lastKnownFileType = image.png; path = pablo_neruda.png; sourceTree = "<group>"; };
		9040F5BC2DF10ADD006E5718 /* pasolini.png */ = {isa = PBXFileReference; lastKnownFileType = image.png; path = pasolini.png; sourceTree = "<group>"; };
		9040F5BD2DF10ADD006E5718 /* platone.png */ = {isa = PBXFileReference; lastKnownFileType = image.png; path = platone.png; sourceTree = "<group>"; };
		9040F5BE2DF10ADD006E5718 /* richard_yates.png */ = {isa = PBXFileReference; lastKnownFileType = image.png; path = richard_yates.png; sourceTree = "<group>"; };
		9040F5BF2DF10ADD006E5718 /* roberto_benigni.png */ = {isa = PBXFileReference; lastKnownFileType = image.png; path = roberto_benigni.png; sourceTree = "<group>"; };
		9040F5C02DF10ADD006E5718 /* rousseau.png */ = {isa = PBXFileReference; lastKnownFileType = image.png; path = rousseau.png; sourceTree = "<group>"; };
		9040F5C12DF10ADD006E5718 /* saint_exupery.png */ = {isa = PBXFileReference; lastKnownFileType = image.png; path = saint_exupery.png; sourceTree = "<group>"; };
		9040F5C22DF10ADD006E5718 /* salvatore_quasimodo.png */ = {isa = PBXFileReference; lastKnownFileType = image.png; path = salvatore_quasimodo.png; sourceTree = "<group>"; };
		9040F5C32DF10ADD006E5718 /* saramago.png */ = {isa = PBXFileReference; lastKnownFileType = image.png; path = saramago.png; sourceTree = "<group>"; };
		9040F5C42DF10ADD006E5718 /* seneca.png */ = {isa = PBXFileReference; lastKnownFileType = image.png; path = seneca.png; sourceTree = "<group>"; };
		9040F5C52DF10ADD006E5718 /* sigmund_freud.png */ = {isa = PBXFileReference; lastKnownFileType = image.png; path = sigmund_freud.png; sourceTree = "<group>"; };
		9040F5C62DF10ADD006E5718 /* socrate.png */ = {isa = PBXFileReference; lastKnownFileType = image.png; path = socrate.png; sourceTree = "<group>"; };
		9040F5C72DF10ADD006E5718 /* sofocle.png */ = {isa = PBXFileReference; lastKnownFileType = image.png; path = sofocle.png; sourceTree = "<group>"; };
		9040F5C82DF10ADD006E5718 /* stephen_hawking.png */ = {isa = PBXFileReference; lastKnownFileType = image.png; path = stephen_hawking.png; sourceTree = "<group>"; };
		9040F5C92DF10ADD006E5718 /* theodore_roosevelt.png */ = {isa = PBXFileReference; lastKnownFileType = image.png; path = theodore_roosevelt.png; sourceTree = "<group>"; };
		9040F5CA2DF10ADD006E5718 /* ugo_foscolo.png */ = {isa = PBXFileReference; lastKnownFileType = image.png; path = ugo_foscolo.png; sourceTree = "<group>"; };
		9040F5CB2DF10ADD006E5718 /* van_gogh.png */ = {isa = PBXFileReference; lastKnownFileType = image.png; path = van_gogh.png; sourceTree = "<group>"; };
		9040F5CC2DF10ADD006E5718 /* william_james.png */ = {isa = PBXFileReference; lastKnownFileType = image.png; path = william_james.png; sourceTree = "<group>"; };
		9040F5CD2DF10ADD006E5718 /* william_shakespeare.png */ = {isa = PBXFileReference; lastKnownFileType = image.png; path = william_shakespeare.png; sourceTree = "<group>"; };
		9040F5CE2DF10ADD006E5718 /* zero_calcare.png */ = {isa = PBXFileReference; lastKnownFileType = image.png; path = zero_calcare.png; sourceTree = "<group>"; };
		9040F60C2DF10BE6006E5718 /* borges.png */ = {isa = PBXFileReference; lastKnownFileType = image.png; path = borges.png; sourceTree = "<group>"; };
		90A087952DF1AF13006A04B7 /* PillolePoeticheWidgetExtension.appex */ = {isa = PBXFileReference; explicitFileType = "wrapper.app-extension"; includeInIndex = 0; path = PillolePoeticheWidgetExtension.appex; sourceTree = BUILT_PRODUCTS_DIR; };
		90A087972DF1AF13006A04B7 /* WidgetKit.framework */ = {isa = PBXFileReference; lastKnownFileType = wrapper.framework; name = WidgetKit.framework; path = System/Library/Frameworks/WidgetKit.framework; sourceTree = SDKROOT; };
		90A087992DF1AF13006A04B7 /* SwiftUI.framework */ = {isa = PBXFileReference; lastKnownFileType = wrapper.framework; name = SwiftUI.framework; path = System/Library/Frameworks/SwiftUI.framework; sourceTree = SDKROOT; };
		90D0634B2DF0C3EA00728991 /* Pillole Poetiche.app */ = {isa = PBXFileReference; explicitFileType = wrapper.application; includeInIndex = 0; path = "Pillole Poetiche.app"; sourceTree = BUILT_PRODUCTS_DIR; };
		90D063582DF0C3EB00728991 /* Pillole PoeticheTests.xctest */ = {isa = PBXFileReference; explicitFileType = wrapper.cfbundle; includeInIndex = 0; path = "Pillole PoeticheTests.xctest"; sourceTree = BUILT_PRODUCTS_DIR; };
		90D063622DF0C3EB00728991 /* Pillole PoeticheUITests.xctest */ = {isa = PBXFileReference; explicitFileType = wrapper.cfbundle; includeInIndex = 0; path = "Pillole PoeticheUITests.xctest"; sourceTree = BUILT_PRODUCTS_DIR; };
/* End PBXFileReference section */

/* Begin PBXFileSystemSynchronizedBuildFileExceptionSet section */
		90A087A92DF1AF14006A04B7 /* Exceptions for "PillolePoeticheWidget" folder in "PillolePoeticheWidgetExtension" target */ = {
			isa = PBXFileSystemSynchronizedBuildFileExceptionSet;
			membershipExceptions = (
				Info.plist,
			);
			target = 90A087942DF1AF13006A04B7 /* PillolePoeticheWidgetExtension */;
		};
		90A087AD2DF1AFA9006A04B7 /* Exceptions for "Pillole Poetiche" folder in "PillolePoeticheWidgetExtension" target */ = {
			isa = PBXFileSystemSynchronizedBuildFileExceptionSet;
			membershipExceptions = (
				Data/PoemsData.swift,
				Models/Poem.swift,
				"Poem+Extensions.swift",
			);
			target = 90A087942DF1AF13006A04B7 /* PillolePoeticheWidgetExtension */;
		};
		90A087B12DF1AFC1006A04B7 /* Exceptions for "PillolePoeticheWidget" folder in "Pillole Poetiche" target */ = {
			isa = PBXFileSystemSynchronizedBuildFileExceptionSet;
			membershipExceptions = (
				"Poem+Widget.swift",
			);
			target = 90D0634A2DF0C3EA00728991 /* Pillole Poetiche */;
		};
/* End PBXFileSystemSynchronizedBuildFileExceptionSet section */

/* Begin PBXFileSystemSynchronizedRootGroup section */
		90A0879B2DF1AF13006A04B7 /* PillolePoeticheWidget */ = {
			isa = PBXFileSystemSynchronizedRootGroup;
			exceptions = (
				90A087B12DF1AFC1006A04B7 /* Exceptions for "PillolePoeticheWidget" folder in "Pillole Poetiche" target */,
				90A087A92DF1AF14006A04B7 /* Exceptions for "PillolePoeticheWidget" folder in "PillolePoeticheWidgetExtension" target */,
			);
			path = PillolePoeticheWidget;
			sourceTree = "<group>";
		};
		90D0634D2DF0C3EA00728991 /* Pillole Poetiche */ = {
			isa = PBXFileSystemSynchronizedRootGroup;
			exceptions = (
				90A087AD2DF1AFA9006A04B7 /* Exceptions for "Pillole Poetiche" folder in "PillolePoeticheWidgetExtension" target */,
			);
			path = "Pillole Poetiche";
			sourceTree = "<group>";
		};
		90D0635B2DF0C3EB00728991 /* Pillole PoeticheTests */ = {
			isa = PBXFileSystemSynchronizedRootGroup;
			path = "Pillole PoeticheTests";
			sourceTree = "<group>";
		};
		90D063652DF0C3EB00728991 /* Pillole PoeticheUITests */ = {
			isa = PBXFileSystemSynchronizedRootGroup;
			path = "Pillole PoeticheUITests";
			sourceTree = "<group>";
		};
/* End PBXFileSystemSynchronizedRootGroup section */

/* Begin PBXFrameworksBuildPhase section */
		90A087922DF1AF13006A04B7 /* Frameworks */ = {
			isa = PBXFrameworksBuildPhase;
			buildActionMask = 2147483647;
			files = (
				90A0879A2DF1AF13006A04B7 /* SwiftUI.framework in Frameworks */,
				90A087982DF1AF13006A04B7 /* WidgetKit.framework in Frameworks */,
			);
			runOnlyForDeploymentPostprocessing = 0;
		};
		90D063482DF0C3EA00728991 /* Frameworks */ = {
			isa = PBXFrameworksBuildPhase;
			buildActionMask = 2147483647;
			files = (
			);
			runOnlyForDeploymentPostprocessing = 0;
		};
		90D063552DF0C3EB00728991 /* Frameworks */ = {
			isa = PBXFrameworksBuildPhase;
			buildActionMask = 2147483647;
			files = (
			);
			runOnlyForDeploymentPostprocessing = 0;
		};
		90D0635F2DF0C3EB00728991 /* Frameworks */ = {
			isa = PBXFrameworksBuildPhase;
			buildActionMask = 2147483647;
			files = (
			);
			runOnlyForDeploymentPostprocessing = 0;
		};
/* End PBXFrameworksBuildPhase section */

/* Begin PBXGroup section */
		90A087962DF1AF13006A04B7 /* Frameworks */ = {
			isa = PBXGroup;
			children = (
				90A087972DF1AF13006A04B7 /* WidgetKit.framework */,
				90A087992DF1AF13006A04B7 /* SwiftUI.framework */,
			);
			name = Frameworks;
			sourceTree = "<group>";
		};
		90D063422DF0C3EA00728991 = {
			isa = PBXGroup;
			children = (
				90D063932DF0D1DD00728991 /* Images */,
				90D0634D2DF0C3EA00728991 /* Pillole Poetiche */,
				90D0635B2DF0C3EB00728991 /* Pillole PoeticheTests */,
				90D063652DF0C3EB00728991 /* Pillole PoeticheUITests */,
				90A0879B2DF1AF13006A04B7 /* PillolePoeticheWidget */,
				90A087962DF1AF13006A04B7 /* Frameworks */,
				90D0634C2DF0C3EA00728991 /* Products */,
			);
			sourceTree = "<group>";
		};
		90D0634C2DF0C3EA00728991 /* Products */ = {
			isa = PBXGroup;
			children = (
				90D0634B2DF0C3EA00728991 /* Pillole Poetiche.app */,
				90D063582DF0C3EB00728991 /* Pillole PoeticheTests.xctest */,
				90D063622DF0C3EB00728991 /* Pillole PoeticheUITests.xctest */,
				90A087952DF1AF13006A04B7 /* PillolePoeticheWidgetExtension.appex */,
			);
			name = Products;
			sourceTree = "<group>";
		};
		90D063932DF0D1DD00728991 /* Images */ = {
			isa = PBXGroup;
			children = (
				9040F5922DF10ADD006E5718 /* albert_einstein.png */,
				9040F5932DF10ADD006E5718 /* alda_merini.png */,
				9040F5942DF10ADD006E5718 /* alessandro_manzoni.png */,
				9040F5952DF10ADD006E5718 /* alexander_bell.png */,
				9040F5962DF10ADD006E5718 /* anthony_robbins.png */,
				9040F5972DF10ADD006E5718 /* blaga_dimitrova.png */,
				9040F5982DF10ADD006E5718 /* brandon_sanderson.png */,
				9040F5992DF10ADD006E5718 /* carl_jung.png */,
				9040F59A2DF10ADD006E5718 /* catullo.png */,
				9040F59B2DF10ADD006E5718 /* cesare_pavese.png */,
				9040F59C2DF10ADD006E5718 /* charles_bukowski.png */,
				9040F59D2DF10ADD006E5718 /* charles_dickens.png */,
				9040F59E2DF10ADD006E5718 /* confucio.png */,
				9040F59F2DF10ADD006E5718 /* emily_bronte.png */,
				9040F5A02DF10ADD006E5718 /* enrico_galianio.png */,
				9040F5A12DF10ADD006E5718 /* erich_fromm.png */,
				9040F5A22DF10ADD006E5718 /* ernest_hemingway.png */,
				9040F5A32DF10ADD006E5718 /* eugenio_montale.png */,
				9040F5A42DF10ADD006E5718 /* dostoevskij.png */,
				9040F5A52DF10ADD006E5718 /* francesco_piscitelli.png */,
				9040F5A62DF10ADD006E5718 /* franz_kafka.png */,
				9040F5A72DF10ADD006E5718 /* friedrich_nietzsche.png */,
				9040F5A82DF10ADD006E5718 /* ghiannis_ritsos.png */,
				9040F5A92DF10ADD006E5718 /* giacomo_leopardi.png */,
				9040F5AA2DF10ADD006E5718 /* gianluca_gotto.png */,
				9040F5AB2DF10ADD006E5718 /* giovanni_pascoli.png */,
				9040F5AC2DF10ADD006E5718 /* goethe.png */,
				9040F5AD2DF10ADD006E5718 /* henri_matisse.png */,
				9040F5AE2DF10ADD006E5718 /* italo_calvino.png */,
				9040F5AF2DF10ADD006E5718 /* italo_svevo.png */,
				9040F5B02DF10ADD006E5718 /* jimi_hendrix.png */,
				9040F5B12DF10ADD006E5718 /* john_keats.png */,
				9040F5B22DF10ADD006E5718 /* leonard_cohen.png */,
				9040F5B32DF10ADD006E5718 /* luigi_pirandello.png */,
				9040F5B52DF10ADD006E5718 /* marco_aurelio.png */,
				9040F5B42DF10ADD006E5718 /* marcel_proust.png */,
				9040F5B62DF10ADD006E5718 /* mark_twain.png */,
				9040F5B72DF10ADD006E5718 /* may_parker.png */,
				9040F5B82DF10ADD006E5718 /* maya_angelou.png */,
				9040F5B92DF10ADD006E5718 /* oscar_wilde.png */,
				9040F5BA2DF10ADD006E5718 /* ovidio.png */,
				9040F5BB2DF10ADD006E5718 /* pablo_neruda.png */,
				9040F5BD2DF10ADD006E5718 /* platone.png */,
				9040F5BE2DF10ADD006E5718 /* richard_yates.png */,
				9040F5BC2DF10ADD006E5718 /* pasolini.png */,
				9040F5BF2DF10ADD006E5718 /* roberto_benigni.png */,
				9040F5C02DF10ADD006E5718 /* rousseau.png */,
				9040F5C12DF10ADD006E5718 /* saint_exupery.png */,
				9040F5C22DF10ADD006E5718 /* salvatore_quasimodo.png */,
				9040F5C32DF10ADD006E5718 /* saramago.png */,
				9040F5C42DF10ADD006E5718 /* seneca.png */,
				9040F5C52DF10ADD006E5718 /* sigmund_freud.png */,
				9040F5C62DF10ADD006E5718 /* socrate.png */,
				9040F5C72DF10ADD006E5718 /* sofocle.png */,
				9040F5C82DF10ADD006E5718 /* stephen_hawking.png */,
				9040F5C92DF10ADD006E5718 /* theodore_roosevelt.png */,
				9040F5CA2DF10ADD006E5718 /* ugo_foscolo.png */,
				9040F5CB2DF10ADD006E5718 /* van_gogh.png */,
				9040F5CC2DF10ADD006E5718 /* william_james.png */,
				9040F5CD2DF10ADD006E5718 /* william_shakespeare.png */,
				9040F5CE2DF10ADD006E5718 /* zero_calcare.png */,
				9040F60C2DF10BE6006E5718 /* borges.png */,
			);
			path = Images;
			sourceTree = "<group>";
		};
/* End PBXGroup section */

/* Begin PBXNativeTarget section */
		90A087942DF1AF13006A04B7 /* PillolePoeticheWidgetExtension */ = {
			isa = PBXNativeTarget;
			buildConfigurationList = 90A087A62DF1AF14006A04B7 /* Build configuration list for PBXNativeTarget "PillolePoeticheWidgetExtension" */;
			buildPhases = (
				90A087912DF1AF13006A04B7 /* Sources */,
				90A087922DF1AF13006A04B7 /* Frameworks */,
				90A087932DF1AF13006A04B7 /* Resources */,
			);
			buildRules = (
			);
			dependencies = (
			);
			fileSystemSynchronizedGroups = (
				90A0879B2DF1AF13006A04B7 /* PillolePoeticheWidget */,
			);
			name = PillolePoeticheWidgetExtension;
			packageProductDependencies = (
			);
			productName = PillolePoeticheWidgetExtension;
			productReference = 90A087952DF1AF13006A04B7 /* PillolePoeticheWidgetExtension.appex */;
			productType = "com.apple.product-type.app-extension";
		};
		90D0634A2DF0C3EA00728991 /* Pillole Poetiche */ = {
			isa = PBXNativeTarget;
			buildConfigurationList = 90D0636C2DF0C3EB00728991 /* Build configuration list for PBXNativeTarget "Pillole Poetiche" */;
			buildPhases = (
				90D063472DF0C3EA00728991 /* Sources */,
				90D063482DF0C3EA00728991 /* Frameworks */,
				90D063492DF0C3EA00728991 /* Resources */,
				90A087AA2DF1AF14006A04B7 /* Embed Foundation Extensions */,
			);
			buildRules = (
			);
			dependencies = (
				90A087A42DF1AF14006A04B7 /* PBXTargetDependency */,
			);
			fileSystemSynchronizedGroups = (
				90D0634D2DF0C3EA00728991 /* Pillole Poetiche */,
			);
			name = "Pillole Poetiche";
			packageProductDependencies = (
			);
			productName = "Pillole Poetiche";
			productReference = 90D0634B2DF0C3EA00728991 /* Pillole Poetiche.app */;
			productType = "com.apple.product-type.application";
		};
		90D063572DF0C3EB00728991 /* Pillole PoeticheTests */ = {
			isa = PBXNativeTarget;
			buildConfigurationList = 90D0636F2DF0C3EB00728991 /* Build configuration list for PBXNativeTarget "Pillole PoeticheTests" */;
			buildPhases = (
				90D063542DF0C3EB00728991 /* Sources */,
				90D063552DF0C3EB00728991 /* Frameworks */,
				90D063562DF0C3EB00728991 /* Resources */,
			);
			buildRules = (
			);
			dependencies = (
				90D0635A2DF0C3EB00728991 /* PBXTargetDependency */,
			);
			fileSystemSynchronizedGroups = (
				90D0635B2DF0C3EB00728991 /* Pillole PoeticheTests */,
			);
			name = "Pillole PoeticheTests";
			packageProductDependencies = (
			);
			productName = "Pillole PoeticheTests";
			productReference = 90D063582DF0C3EB00728991 /* Pillole PoeticheTests.xctest */;
			productType = "com.apple.product-type.bundle.unit-test";
		};
		90D063612DF0C3EB00728991 /* Pillole PoeticheUITests */ = {
			isa = PBXNativeTarget;
			buildConfigurationList = 90D063722DF0C3EB00728991 /* Build configuration list for PBXNativeTarget "Pillole PoeticheUITests" */;
			buildPhases = (
				90D0635E2DF0C3EB00728991 /* Sources */,
				90D0635F2DF0C3EB00728991 /* Frameworks */,
				90D063602DF0C3EB00728991 /* Resources */,
			);
			buildRules = (
			);
			dependencies = (
				90D063642DF0C3EB00728991 /* PBXTargetDependency */,
			);
			fileSystemSynchronizedGroups = (
				90D063652DF0C3EB00728991 /* Pillole PoeticheUITests */,
			);
			name = "Pillole PoeticheUITests";
			packageProductDependencies = (
			);
			productName = "Pillole PoeticheUITests";
			productReference = 90D063622DF0C3EB00728991 /* Pillole PoeticheUITests.xctest */;
			productType = "com.apple.product-type.bundle.ui-testing";
		};
/* End PBXNativeTarget section */

/* Begin PBXProject section */
		90D063432DF0C3EA00728991 /* Project object */ = {
			isa = PBXProject;
			attributes = {
				BuildIndependentTargetsInParallel = 1;
				LastSwiftUpdateCheck = 1640;
				LastUpgradeCheck = 1640;
				TargetAttributes = {
					90A087942DF1AF13006A04B7 = {
						CreatedOnToolsVersion = 16.4;
					};
					90D0634A2DF0C3EA00728991 = {
						CreatedOnToolsVersion = 16.4;
					};
					90D063572DF0C3EB00728991 = {
						CreatedOnToolsVersion = 16.4;
						TestTargetID = 90D0634A2DF0C3EA00728991;
					};
					90D063612DF0C3EB00728991 = {
						CreatedOnToolsVersion = 16.4;
						TestTargetID = 90D0634A2DF0C3EA00728991;
					};
				};
			};
			buildConfigurationList = 90D063462DF0C3EA00728991 /* Build configuration list for PBXProject "Pillole Poetiche" */;
			developmentRegion = en;
			hasScannedForEncodings = 0;
			knownRegions = (
				en,
				Base,
			);
			mainGroup = 90D063422DF0C3EA00728991;
			minimizedProjectReferenceProxies = 1;
			preferredProjectObjectVersion = 77;
			productRefGroup = 90D0634C2DF0C3EA00728991 /* Products */;
			projectDirPath = "";
			projectRoot = "";
			targets = (
				90D0634A2DF0C3EA00728991 /* Pillole Poetiche */,
				90D063572DF0C3EB00728991 /* Pillole PoeticheTests */,
				90D063612DF0C3EB00728991 /* Pillole PoeticheUITests */,
				90A087942DF1AF13006A04B7 /* PillolePoeticheWidgetExtension */,
			);
		};
/* End PBXProject section */

/* Begin PBXResourcesBuildPhase section */
		90A087932DF1AF13006A04B7 /* Resources */ = {
			isa = PBXResourcesBuildPhase;
			buildActionMask = 2147483647;
			files = (
			);
			runOnlyForDeploymentPostprocessing = 0;
		};
		90D063492DF0C3EA00728991 /* Resources */ = {
			isa = PBXResourcesBuildPhase;
			buildActionMask = 2147483647;
			files = (
				9040F5CF2DF10ADD006E5718 /* platone.png in Resources */,
				9040F5D02DF10ADD006E5718 /* william_james.png in Resources */,
				9040F5D12DF10ADD006E5718 /* enrico_galianio.png in Resources */,
				9040F5D22DF10ADD006E5718 /* emily_bronte.png in Resources */,
				9040F5D32DF10ADD006E5718 /* erich_fromm.png in Resources */,
				9040F5D42DF10ADD006E5718 /* maya_angelou.png in Resources */,
				9040F5D52DF10ADD006E5718 /* pablo_neruda.png in Resources */,
				9040F5D62DF10ADD006E5718 /* ovidio.png in Resources */,
				9040F5D72DF10ADD006E5718 /* seneca.png in Resources */,
				9040F5D82DF10ADD006E5718 /* sofocle.png in Resources */,
				9040F5D92DF10ADD006E5718 /* gianluca_gotto.png in Resources */,
				9040F5DA2DF10ADD006E5718 /* stephen_hawking.png in Resources */,
				9040F5DB2DF10ADD006E5718 /* italo_calvino.png in Resources */,
				9040F5DC2DF10ADD006E5718 /* luigi_pirandello.png in Resources */,
				9040F5DD2DF10ADD006E5718 /* may_parker.png in Resources */,
				9040F5DE2DF10ADD006E5718 /* sigmund_freud.png in Resources */,
				9040F5DF2DF10ADD006E5718 /* charles_dickens.png in Resources */,
				9040F5E02DF10ADD006E5718 /* zero_calcare.png in Resources */,
				9040F60D2DF10BE6006E5718 /* borges.png in Resources */,
				9040F5E12DF10ADD006E5718 /* van_gogh.png in Resources */,
				9040F5E22DF10ADD006E5718 /* marcel_proust.png in Resources */,
				9040F5E32DF10ADD006E5718 /* eugenio_montale.png in Resources */,
				9040F5E42DF10ADD006E5718 /* william_shakespeare.png in Resources */,
				9040F5E52DF10ADD006E5718 /* roberto_benigni.png in Resources */,
				9040F5E62DF10ADD006E5718 /* richard_yates.png in Resources */,
				9040F5E72DF10ADD006E5718 /* confucio.png in Resources */,
				9040F5E82DF10ADD006E5718 /* carl_jung.png in Resources */,
				9040F5E92DF10ADD006E5718 /* alexander_bell.png in Resources */,
				9040F5EA2DF10ADD006E5718 /* ghiannis_ritsos.png in Resources */,
				9040F5EB2DF10ADD006E5718 /* saramago.png in Resources */,
				9040F5EC2DF10ADD006E5718 /* theodore_roosevelt.png in Resources */,
				9040F5ED2DF10ADD006E5718 /* franz_kafka.png in Resources */,
				9040F5EE2DF10ADD006E5718 /* anthony_robbins.png in Resources */,
				9040F5EF2DF10ADD006E5718 /* henri_matisse.png in Resources */,
				9040F5F02DF10ADD006E5718 /* mark_twain.png in Resources */,
				9040F5F12DF10ADD006E5718 /* leonard_cohen.png in Resources */,
				9040F5F22DF10ADD006E5718 /* goethe.png in Resources */,
				9040F5F32DF10ADD006E5718 /* alessandro_manzoni.png in Resources */,
				9040F5F42DF10ADD006E5718 /* marco_aurelio.png in Resources */,
				9040F5F52DF10ADD006E5718 /* ugo_foscolo.png in Resources */,
				9040F5F62DF10ADD006E5718 /* catullo.png in Resources */,
				9040F5F72DF10ADD006E5718 /* john_keats.png in Resources */,
				9040F5F82DF10ADD006E5718 /* dostoevskij.png in Resources */,
				9040F5F92DF10ADD006E5718 /* ernest_hemingway.png in Resources */,
				9040F5FA2DF10ADD006E5718 /* giacomo_leopardi.png in Resources */,
				9040F5FB2DF10ADD006E5718 /* charles_bukowski.png in Resources */,
				9040F5FC2DF10ADD006E5718 /* pasolini.png in Resources */,
				9040F5FD2DF10ADD006E5718 /* oscar_wilde.png in Resources */,
				9040F5FE2DF10ADD006E5718 /* albert_einstein.png in Resources */,
				9040F5FF2DF10ADD006E5718 /* blaga_dimitrova.png in Resources */,
				9040F6002DF10ADD006E5718 /* saint_exupery.png in Resources */,
				9040F6012DF10ADD006E5718 /* giovanni_pascoli.png in Resources */,
				9040F6022DF10ADD006E5718 /* rousseau.png in Resources */,
				9040F6032DF10ADD006E5718 /* alda_merini.png in Resources */,
				9040F6042DF10ADD006E5718 /* friedrich_nietzsche.png in Resources */,
				9040F6052DF10ADD006E5718 /* socrate.png in Resources */,
				9040F6062DF10ADD006E5718 /* francesco_piscitelli.png in Resources */,
				9040F6072DF10ADD006E5718 /* jimi_hendrix.png in Resources */,
				9040F6082DF10ADD006E5718 /* salvatore_quasimodo.png in Resources */,
				9040F6092DF10ADD006E5718 /* cesare_pavese.png in Resources */,
				9040F60A2DF10ADD006E5718 /* italo_svevo.png in Resources */,
				9040F60B2DF10ADD006E5718 /* brandon_sanderson.png in Resources */,
			);
			runOnlyForDeploymentPostprocessing = 0;
		};
		90D063562DF0C3EB00728991 /* Resources */ = {
			isa = PBXResourcesBuildPhase;
			buildActionMask = 2147483647;
			files = (
			);
			runOnlyForDeploymentPostprocessing = 0;
		};
		90D063602DF0C3EB00728991 /* Resources */ = {
			isa = PBXResourcesBuildPhase;
			buildActionMask = 2147483647;
			files = (
			);
			runOnlyForDeploymentPostprocessing = 0;
		};
/* End PBXResourcesBuildPhase section */

/* Begin PBXSourcesBuildPhase section */
		90A087912DF1AF13006A04B7 /* Sources */ = {
			isa = PBXSourcesBuildPhase;
			buildActionMask = 2147483647;
			files = (
			);
			runOnlyForDeploymentPostprocessing = 0;
		};
		90D063472DF0C3EA00728991 /* Sources */ = {
			isa = PBXSourcesBuildPhase;
			buildActionMask = 2147483647;
			files = (
			);
			runOnlyForDeploymentPostprocessing = 0;
		};
		90D063542DF0C3EB00728991 /* Sources */ = {
			isa = PBXSourcesBuildPhase;
			buildActionMask = 2147483647;
			files = (
			);
			runOnlyForDeploymentPostprocessing = 0;
		};
		90D0635E2DF0C3EB00728991 /* Sources */ = {
			isa = PBXSourcesBuildPhase;
			buildActionMask = 2147483647;
			files = (
			);
			runOnlyForDeploymentPostprocessing = 0;
		};
/* End PBXSourcesBuildPhase section */

/* Begin PBXTargetDependency section */
		90A087A42DF1AF14006A04B7 /* PBXTargetDependency */ = {
			isa = PBXTargetDependency;
			target = 90A087942DF1AF13006A04B7 /* PillolePoeticheWidgetExtension */;
			targetProxy = 90A087A32DF1AF14006A04B7 /* PBXContainerItemProxy */;
		};
		90D0635A2DF0C3EB00728991 /* PBXTargetDependency */ = {
			isa = PBXTargetDependency;
			target = 90D0634A2DF0C3EA00728991 /* Pillole Poetiche */;
			targetProxy = 90D063592DF0C3EB00728991 /* PBXContainerItemProxy */;
		};
		90D063642DF0C3EB00728991 /* PBXTargetDependency */ = {
			isa = PBXTargetDependency;
			target = 90D0634A2DF0C3EA00728991 /* Pillole Poetiche */;
			targetProxy = 90D063632DF0C3EB00728991 /* PBXContainerItemProxy */;
		};
/* End PBXTargetDependency section */

/* Begin XCBuildConfiguration section */
		90A087A72DF1AF14006A04B7 /* Debug */ = {
			isa = XCBuildConfiguration;
			buildSettings = {
				ASSETCATALOG_COMPILER_GLOBAL_ACCENT_COLOR_NAME = AccentColor;
				ASSETCATALOG_COMPILER_WIDGET_BACKGROUND_COLOR_NAME = WidgetBackground;
				CODE_SIGN_STYLE = Automatic;
				CURRENT_PROJECT_VERSION = 1;
				DEVELOPMENT_TEAM = 579CS4F45Y;
				GENERATE_INFOPLIST_FILE = YES;
				INFOPLIST_FILE = PillolePoeticheWidget/Info.plist;
				INFOPLIST_KEY_CFBundleDisplayName = PillolePoeticheWidget;
				INFOPLIST_KEY_NSHumanReadableCopyright = "";
				LD_RUNPATH_SEARCH_PATHS = (
					"$(inherited)",
					"@executable_path/Frameworks",
					"@executable_path/../../Frameworks",
				);
				MARKETING_VERSION = 1.0;
				PRODUCT_BUNDLE_IDENTIFIER = "com.carellice.Pillole-Poetiche.PillolePoeticheWidget";
				PRODUCT_NAME = "$(TARGET_NAME)";
				SKIP_INSTALL = YES;
				SWIFT_EMIT_LOC_STRINGS = YES;
				SWIFT_VERSION = 5.0;
				TARGETED_DEVICE_FAMILY = "1,2";
			};
			name = Debug;
		};
		90A087A82DF1AF14006A04B7 /* Release */ = {
			isa = XCBuildConfiguration;
			buildSettings = {
				ASSETCATALOG_COMPILER_GLOBAL_ACCENT_COLOR_NAME = AccentColor;
				ASSETCATALOG_COMPILER_WIDGET_BACKGROUND_COLOR_NAME = WidgetBackground;
				CODE_SIGN_STYLE = Automatic;
				CURRENT_PROJECT_VERSION = 1;
				DEVELOPMENT_TEAM = 579CS4F45Y;
				GENERATE_INFOPLIST_FILE = YES;
				INFOPLIST_FILE = PillolePoeticheWidget/Info.plist;
				INFOPLIST_KEY_CFBundleDisplayName = PillolePoeticheWidget;
				INFOPLIST_KEY_NSHumanReadableCopyright = "";
				LD_RUNPATH_SEARCH_PATHS = (
					"$(inherited)",
					"@executable_path/Frameworks",
					"@executable_path/../../Frameworks",
				);
				MARKETING_VERSION = 1.0;
				PRODUCT_BUNDLE_IDENTIFIER = "com.carellice.Pillole-Poetiche.PillolePoeticheWidget";
				PRODUCT_NAME = "$(TARGET_NAME)";
				SKIP_INSTALL = YES;
				SWIFT_EMIT_LOC_STRINGS = YES;
				SWIFT_VERSION = 5.0;
				TARGETED_DEVICE_FAMILY = "1,2";
			};
			name = Release;
		};
		90D0636A2DF0C3EB00728991 /* Debug */ = {
			isa = XCBuildConfiguration;
			buildSettings = {
				ALWAYS_SEARCH_USER_PATHS = NO;
				ASSETCATALOG_COMPILER_GENERATE_SWIFT_ASSET_SYMBOL_EXTENSIONS = YES;
				CLANG_ANALYZER_NONNULL = YES;
				CLANG_ANALYZER_NUMBER_OBJECT_CONVERSION = YES_AGGRESSIVE;
				CLANG_CXX_LANGUAGE_STANDARD = "gnu++20";
				CLANG_ENABLE_MODULES = YES;
				CLANG_ENABLE_OBJC_ARC = YES;
				CLANG_ENABLE_OBJC_WEAK = YES;
				CLANG_WARN_BLOCK_CAPTURE_AUTORELEASING = YES;
				CLANG_WARN_BOOL_CONVERSION = YES;
				CLANG_WARN_COMMA = YES;
				CLANG_WARN_CONSTANT_CONVERSION = YES;
				CLANG_WARN_DEPRECATED_OBJC_IMPLEMENTATIONS = YES;
				CLANG_WARN_DIRECT_OBJC_ISA_USAGE = YES_ERROR;
				CLANG_WARN_DOCUMENTATION_COMMENTS = YES;
				CLANG_WARN_EMPTY_BODY = YES;
				CLANG_WARN_ENUM_CONVERSION = YES;
				CLANG_WARN_INFINITE_RECURSION = YES;
				CLANG_WARN_INT_CONVERSION = YES;
				CLANG_WARN_NON_LITERAL_NULL_CONVERSION = YES;
				CLANG_WARN_OBJC_IMPLICIT_RETAIN_SELF = YES;
				CLANG_WARN_OBJC_LITERAL_CONVERSION = YES;
				CLANG_WARN_OBJC_ROOT_CLASS = YES_ERROR;
				CLANG_WARN_QUOTED_INCLUDE_IN_FRAMEWORK_HEADER = YES;
				CLANG_WARN_RANGE_LOOP_ANALYSIS = YES;
				CLANG_WARN_STRICT_PROTOTYPES = YES;
				CLANG_WARN_SUSPICIOUS_MOVE = YES;
				CLANG_WARN_UNGUARDED_AVAILABILITY = YES_AGGRESSIVE;
				CLANG_WARN_UNREACHABLE_CODE = YES;
				CLANG_WARN__DUPLICATE_METHOD_MATCH = YES;
				COPY_PHASE_STRIP = NO;
				DEBUG_INFORMATION_FORMAT = dwarf;
				DEVELOPMENT_TEAM = 579CS4F45Y;
				ENABLE_STRICT_OBJC_MSGSEND = YES;
				ENABLE_TESTABILITY = YES;
				ENABLE_USER_SCRIPT_SANDBOXING = YES;
				GCC_C_LANGUAGE_STANDARD = gnu17;
				GCC_DYNAMIC_NO_PIC = NO;
				GCC_NO_COMMON_BLOCKS = YES;
				GCC_OPTIMIZATION_LEVEL = 0;
				GCC_PREPROCESSOR_DEFINITIONS = (
					"DEBUG=1",
					"$(inherited)",
				);
				GCC_WARN_64_TO_32_BIT_CONVERSION = YES;
				GCC_WARN_ABOUT_RETURN_TYPE = YES_ERROR;
				GCC_WARN_UNDECLARED_SELECTOR = YES;
				GCC_WARN_UNINITIALIZED_AUTOS = YES_AGGRESSIVE;
				GCC_WARN_UNUSED_FUNCTION = YES;
				GCC_WARN_UNUSED_VARIABLE = YES;
				IPHONEOS_DEPLOYMENT_TARGET = 18.5;
				LOCALIZATION_PREFERS_STRING_CATALOGS = YES;
				MTL_ENABLE_DEBUG_INFO = INCLUDE_SOURCE;
				MTL_FAST_MATH = YES;
				ONLY_ACTIVE_ARCH = YES;
				SDKROOT = iphoneos;
				SWIFT_ACTIVE_COMPILATION_CONDITIONS = "DEBUG $(inherited)";
				SWIFT_OPTIMIZATION_LEVEL = "-Onone";
			};
			name = Debug;
		};
		90D0636B2DF0C3EB00728991 /* Release */ = {
			isa = XCBuildConfiguration;
			buildSettings = {
				ALWAYS_SEARCH_USER_PATHS = NO;
				ASSETCATALOG_COMPILER_GENERATE_SWIFT_ASSET_SYMBOL_EXTENSIONS = YES;
				CLANG_ANALYZER_NONNULL = YES;
				CLANG_ANALYZER_NUMBER_OBJECT_CONVERSION = YES_AGGRESSIVE;
				CLANG_CXX_LANGUAGE_STANDARD = "gnu++20";
				CLANG_ENABLE_MODULES = YES;
				CLANG_ENABLE_OBJC_ARC = YES;
				CLANG_ENABLE_OBJC_WEAK = YES;
				CLANG_WARN_BLOCK_CAPTURE_AUTORELEASING = YES;
				CLANG_WARN_BOOL_CONVERSION = YES;
				CLANG_WARN_COMMA = YES;
				CLANG_WARN_CONSTANT_CONVERSION = YES;
				CLANG_WARN_DEPRECATED_OBJC_IMPLEMENTATIONS = YES;
				CLANG_WARN_DIRECT_OBJC_ISA_USAGE = YES_ERROR;
				CLANG_WARN_DOCUMENTATION_COMMENTS = YES;
				CLANG_WARN_EMPTY_BODY = YES;
				CLANG_WARN_ENUM_CONVERSION = YES;
				CLANG_WARN_INFINITE_RECURSION = YES;
				CLANG_WARN_INT_CONVERSION = YES;
				CLANG_WARN_NON_LITERAL_NULL_CONVERSION = YES;
				CLANG_WARN_OBJC_IMPLICIT_RETAIN_SELF = YES;
				CLANG_WARN_OBJC_LITERAL_CONVERSION = YES;
				CLANG_WARN_OBJC_ROOT_CLASS = YES_ERROR;
				CLANG_WARN_QUOTED_INCLUDE_IN_FRAMEWORK_HEADER = YES;
				CLANG_WARN_RANGE_LOOP_ANALYSIS = YES;
				CLANG_WARN_STRICT_PROTOTYPES = YES;
				CLANG_WARN_SUSPICIOUS_MOVE = YES;
				CLANG_WARN_UNGUARDED_AVAILABILITY = YES_AGGRESSIVE;
				CLANG_WARN_UNREACHABLE_CODE = YES;
				CLANG_WARN__DUPLICATE_METHOD_MATCH = YES;
				COPY_PHASE_STRIP = NO;
				DEBUG_INFORMATION_FORMAT = "dwarf-with-dsym";
				DEVELOPMENT_TEAM = 579CS4F45Y;
				ENABLE_NS_ASSERTIONS = NO;
				ENABLE_STRICT_OBJC_MSGSEND = YES;
				ENABLE_USER_SCRIPT_SANDBOXING = YES;
				GCC_C_LANGUAGE_STANDARD = gnu17;
				GCC_NO_COMMON_BLOCKS = YES;
				GCC_WARN_64_TO_32_BIT_CONVERSION = YES;
				GCC_WARN_ABOUT_RETURN_TYPE = YES_ERROR;
				GCC_WARN_UNDECLARED_SELECTOR = YES;
				GCC_WARN_UNINITIALIZED_AUTOS = YES_AGGRESSIVE;
				GCC_WARN_UNUSED_FUNCTION = YES;
				GCC_WARN_UNUSED_VARIABLE = YES;
				IPHONEOS_DEPLOYMENT_TARGET = 18.5;
				LOCALIZATION_PREFERS_STRING_CATALOGS = YES;
				MTL_ENABLE_DEBUG_INFO = NO;
				MTL_FAST_MATH = YES;
				SDKROOT = iphoneos;
				SWIFT_COMPILATION_MODE = wholemodule;
				VALIDATE_PRODUCT = YES;
			};
			name = Release;
		};
		90D0636D2DF0C3EB00728991 /* Debug */ = {
			isa = XCBuildConfiguration;
			buildSettings = {
				ASSETCATALOG_COMPILER_APPICON_NAME = AppIcon;
				ASSETCATALOG_COMPILER_GLOBAL_ACCENT_COLOR_NAME = AccentColor;
				CODE_SIGN_STYLE = Automatic;
				CURRENT_PROJECT_VERSION = 3;
				DEVELOPMENT_TEAM = 579CS4F45Y;
				ENABLE_PREVIEWS = YES;
				GENERATE_INFOPLIST_FILE = YES;
				INFOPLIST_FILE = "Pillole-Poetiche-Info.plist";
				INFOPLIST_KEY_NSPhotoLibraryAddUsageDescription = "Pillole Poetiche ha bisogno dell'accesso alle foto per salvare le immagini delle poesie che generi.";
				INFOPLIST_KEY_UIApplicationSceneManifest_Generation = YES;
				INFOPLIST_KEY_UIApplicationSupportsIndirectInputEvents = YES;
				INFOPLIST_KEY_UILaunchScreen_Generation = YES;
				INFOPLIST_KEY_UISupportedInterfaceOrientations_iPad = "UIInterfaceOrientationPortrait UIInterfaceOrientationPortraitUpsideDown UIInterfaceOrientationLandscapeLeft UIInterfaceOrientationLandscapeRight";
				INFOPLIST_KEY_UISupportedInterfaceOrientations_iPhone = "UIInterfaceOrientationPortrait UIInterfaceOrientationLandscapeLeft UIInterfaceOrientationLandscapeRight";
				LD_RUNPATH_SEARCH_PATHS = (
					"$(inherited)",
					"@executable_path/Frameworks",
				);
				MARKETING_VERSION = 1.0;
				PRODUCT_BUNDLE_IDENTIFIER = "com.carellice.Pillole-Poetiche";
				PRODUCT_NAME = "$(TARGET_NAME)";
				SWIFT_EMIT_LOC_STRINGS = YES;
				SWIFT_VERSION = 5.0;
				TARGETED_DEVICE_FAMILY = "1,2";
			};
			name = Debug;
		};
		90D0636E2DF0C3EB00728991 /* Release */ = {
			isa = XCBuildConfiguration;
			buildSettings = {
				ASSETCATALOG_COMPILER_APPICON_NAME = AppIcon;
				ASSETCATALOG_COMPILER_GLOBAL_ACCENT_COLOR_NAME = AccentColor;
				CODE_SIGN_STYLE = Automatic;
				CURRENT_PROJECT_VERSION = 3;
				DEVELOPMENT_TEAM = 579CS4F45Y;
				ENABLE_PREVIEWS = YES;
				GENERATE_INFOPLIST_FILE = YES;
				INFOPLIST_FILE = "Pillole-Poetiche-Info.plist";
				INFOPLIST_KEY_NSPhotoLibraryAddUsageDescription = "Pillole Poetiche ha bisogno dell'accesso alle foto per salvare le immagini delle poesie che generi.";
				INFOPLIST_KEY_UIApplicationSceneManifest_Generation = YES;
				INFOPLIST_KEY_UIApplicationSupportsIndirectInputEvents = YES;
				INFOPLIST_KEY_UILaunchScreen_Generation = YES;
				INFOPLIST_KEY_UISupportedInterfaceOrientations_iPad = "UIInterfaceOrientationPortrait UIInterfaceOrientationPortraitUpsideDown UIInterfaceOrientationLandscapeLeft UIInterfaceOrientationLandscapeRight";
				INFOPLIST_KEY_UISupportedInterfaceOrientations_iPhone = "UIInterfaceOrientationPortrait UIInterfaceOrientationLandscapeLeft UIInterfaceOrientationLandscapeRight";
				LD_RUNPATH_SEARCH_PATHS = (
					"$(inherited)",
					"@executable_path/Frameworks",
				);
				MARKETING_VERSION = 1.0;
				PRODUCT_BUNDLE_IDENTIFIER = "com.carellice.Pillole-Poetiche";
				PRODUCT_NAME = "$(TARGET_NAME)";
				SWIFT_EMIT_LOC_STRINGS = YES;
				SWIFT_VERSION = 5.0;
				TARGETED_DEVICE_FAMILY = "1,2";
			};
			name = Release;
		};
		90D063702DF0C3EB00728991 /* Debug */ = {
			isa = XCBuildConfiguration;
			buildSettings = {
				BUNDLE_LOADER = "$(TEST_HOST)";
				CODE_SIGN_STYLE = Automatic;
				CURRENT_PROJECT_VERSION = 1;
				DEVELOPMENT_TEAM = 579CS4F45Y;
				GENERATE_INFOPLIST_FILE = YES;
				IPHONEOS_DEPLOYMENT_TARGET = 18.5;
				MARKETING_VERSION = 1.0;
				PRODUCT_BUNDLE_IDENTIFIER = "com.carellice.Pillole-PoeticheTests";
				PRODUCT_NAME = "$(TARGET_NAME)";
				SWIFT_EMIT_LOC_STRINGS = NO;
				SWIFT_VERSION = 5.0;
				TARGETED_DEVICE_FAMILY = "1,2";
				TEST_HOST = "$(BUILT_PRODUCTS_DIR)/Pillole Poetiche.app/$(BUNDLE_EXECUTABLE_FOLDER_PATH)/Pillole Poetiche";
			};
			name = Debug;
		};
		90D063712DF0C3EB00728991 /* Release */ = {
			isa = XCBuildConfiguration;
			buildSettings = {
				BUNDLE_LOADER = "$(TEST_HOST)";
				CODE_SIGN_STYLE = Automatic;
				CURRENT_PROJECT_VERSION = 1;
				DEVELOPMENT_TEAM = 579CS4F45Y;
				GENERATE_INFOPLIST_FILE = YES;
				IPHONEOS_DEPLOYMENT_TARGET = 18.5;
				MARKETING_VERSION = 1.0;
				PRODUCT_BUNDLE_IDENTIFIER = "com.carellice.Pillole-PoeticheTests";
				PRODUCT_NAME = "$(TARGET_NAME)";
				SWIFT_EMIT_LOC_STRINGS = NO;
				SWIFT_VERSION = 5.0;
				TARGETED_DEVICE_FAMILY = "1,2";
				TEST_HOST = "$(BUILT_PRODUCTS_DIR)/Pillole Poetiche.app/$(BUNDLE_EXECUTABLE_FOLDER_PATH)/Pillole Poetiche";
			};
			name = Release;
		};
		90D063732DF0C3EB00728991 /* Debug */ = {
			isa = XCBuildConfiguration;
			buildSettings = {
				CODE_SIGN_STYLE = Automatic;
				CURRENT_PROJECT_VERSION = 1;
				DEVELOPMENT_TEAM = 579CS4F45Y;
				GENERATE_INFOPLIST_FILE = YES;
				MARKETING_VERSION = 1.0;
				PRODUCT_BUNDLE_IDENTIFIER = "com.carellice.Pillole-PoeticheUITests";
				PRODUCT_NAME = "$(TARGET_NAME)";
				SWIFT_EMIT_LOC_STRINGS = NO;
				SWIFT_VERSION = 5.0;
				TARGETED_DEVICE_FAMILY = "1,2";
				TEST_TARGET_NAME = "Pillole Poetiche";
			};
			name = Debug;
		};
		90D063742DF0C3EB00728991 /* Release */ = {
			isa = XCBuildConfiguration;
			buildSettings = {
				CODE_SIGN_STYLE = Automatic;
				CURRENT_PROJECT_VERSION = 1;
				DEVELOPMENT_TEAM = 579CS4F45Y;
				GENERATE_INFOPLIST_FILE = YES;
				MARKETING_VERSION = 1.0;
				PRODUCT_BUNDLE_IDENTIFIER = "com.carellice.Pillole-PoeticheUITests";
				PRODUCT_NAME = "$(TARGET_NAME)";
				SWIFT_EMIT_LOC_STRINGS = NO;
				SWIFT_VERSION = 5.0;
				TARGETED_DEVICE_FAMILY = "1,2";
				TEST_TARGET_NAME = "Pillole Poetiche";
			};
			name = Release;
		};
/* End XCBuildConfiguration section */

/* Begin XCConfigurationList section */
		90A087A62DF1AF14006A04B7 /* Build configuration list for PBXNativeTarget "PillolePoeticheWidgetExtension" */ = {
			isa = XCConfigurationList;
			buildConfigurations = (
				90A087A72DF1AF14006A04B7 /* Debug */,
				90A087A82DF1AF14006A04B7 /* Release */,
			);
			defaultConfigurationIsVisible = 0;
			defaultConfigurationName = Release;
		};
		90D063462DF0C3EA00728991 /* Build configuration list for PBXProject "Pillole Poetiche" */ = {
			isa = XCConfigurationList;
			buildConfigurations = (
				90D0636A2DF0C3EB00728991 /* Debug */,
				90D0636B2DF0C3EB00728991 /* Release */,
			);
			defaultConfigurationIsVisible = 0;
			defaultConfigurationName = Release;
		};
		90D0636C2DF0C3EB00728991 /* Build configuration list for PBXNativeTarget "Pillole Poetiche" */ = {
			isa = XCConfigurationList;
			buildConfigurations = (
				90D0636D2DF0C3EB00728991 /* Debug */,
				90D0636E2DF0C3EB00728991 /* Release */,
			);
			defaultConfigurationIsVisible = 0;
			defaultConfigurationName = Release;
		};
		90D0636F2DF0C3EB00728991 /* Build configuration list for PBXNativeTarget "Pillole PoeticheTests" */ = {
			isa = XCConfigurationList;
			buildConfigurations = (
				90D063702DF0C3EB00728991 /* Debug */,
				90D063712DF0C3EB00728991 /* Release */,
			);
			defaultConfigurationIsVisible = 0;
			defaultConfigurationName = Release;
		};
		90D063722DF0C3EB00728991 /* Build configuration list for PBXNativeTarget "Pillole PoeticheUITests" */ = {
			isa = XCConfigurationList;
			buildConfigurations = (
				90D063732DF0C3EB00728991 /* Debug */,
				90D063742DF0C3EB00728991 /* Release */,
			);
			defaultConfigurationIsVisible = 0;
			defaultConfigurationName = Release;
		};
/* End XCConfigurationList section */
	};
	rootObject = 90D063432DF0C3EA00728991 /* Project object */;
}
